
Microsoft Visual Studio Solution File, Format Version 12.00
# Visual Studio Version 17
VisualStudioVersion = 17.8.34601.278
MinimumVisualStudioVersion = 10.0.40219.1
Project("{FAE04EC0-301F-11D3-BF4B-00C04F79EFBC}") = "bredkakoito", "bredkakoito\bredkakoito.csproj", "{D96D3DF0-9FC3-4876-B409-24E2C5A1F2E1}"
EndProject
Global
	GlobalSection(SolutionConfigurationPlatforms) = preSolution
		Debug|Any CPU = Debug|Any CPU
		Release|Any CPU = Release|Any CPU
	EndGlobalSection
	GlobalSection(ProjectConfigurationPlatforms) = postSolution
		{D96D3DF0-9FC3-4876-B409-24E2C5A1F2E1}.Debug|Any CPU.ActiveCfg = Debug|Any CPU
		{D96D3DF0-9FC3-4876-B409-24E2C5A1F2E1}.Debug|Any CPU.Build.0 = Debug|Any CPU
		{D96D3DF0-9FC3-4876-B409-24E2C5A1F2E1}.Release|Any CPU.ActiveCfg = Release|Any CPU
		{D96D3DF0-9FC3-4876-B409-24E2C5A1F2E1}.Release|Any CPU.Build.0 = Release|Any CPU
	EndGlobalSection
	GlobalSection(SolutionProperties) = preSolution
		HideSolutionNode = FALSE
	EndGlobalSection
	GlobalSection(ExtensibilityGlobals) = postSolution
		SolutionGuid = {B6CB5F7A-F6A6-49B3-AEC2-9A4783CDB83B}
	EndGlobalSection
EndGlobal
